
Microsoft Visual Studio Solution File, Format Version 12.00
# Visual Studio Version 17
VisualStudioVersion = 17.0.32126.317
MinimumVisualStudioVersion = 10.0.40219.1
Project("{FAE04EC0-301F-11D3-BF4B-00C04F79EFBC}") = "TKHCI", "TKHCI\TKHCI.csproj", "{DFEEF137-A522-4348-B94F-61D2C2F01667}"
EndProject
Global
	GlobalSection(SolutionConfigurationPlatforms) = preSolution
		Debug|Any CPU = Debug|Any CPU
		Release|Any CPU = Release|Any CPU
	EndGlobalSection
	GlobalSection(ProjectConfigurationPlatforms) = postSolution
		{DFEEF137-A522-4348-B94F-61D2C2F01667}.Debug|Any CPU.ActiveCfg = Debug|Any CPU
		{DFEEF137-A522-4348-B94F-61D2C2F01667}.Debug|Any CPU.Build.0 = Debug|Any CPU
		{DFEEF137-A522-4348-B94F-61D2C2F01667}.Release|Any CPU.ActiveCfg = Release|Any CPU
		{DFEEF137-A522-4348-B94F-61D2C2F01667}.Release|Any CPU.Build.0 = Release|Any CPU
	EndGlobalSection
	GlobalSection(SolutionProperties) = preSolution
		HideSolutionNode = FALSE
	EndGlobalSection
	GlobalSection(ExtensibilityGlobals) = postSolution
		SolutionGuid = {B05C26BB-0E80-4F22-9A40-FC313F739AA2}
	EndGlobalSection
EndGlobal
